
Microsoft Visual Studio Solution File, Format Version 12.00
# Visual Studio Version 16
VisualStudioVersion = 16.0.31105.61
MinimumVisualStudioVersion = 10.0.40219.1
Project("{8BC9CEB8-8B4A-11D0-8D11-00A0C91BC942}") = "Иттерации и Зейдель", "CompMath\CompMath.vcxproj", "{519260BE-7919-442D-8BCF-BB2DDCBD0F19}"
EndProject
Project("{8BC9CEB8-8B4A-11D0-8D11-00A0C91BC942}") = "Трехдиагональные матрицы (Прогонка)", "Трехдиагональные матрицы (Прогонка)\Трехдиагональные матрицы (Прогонка).vcxproj", "{F41BE30D-0E7F-4198-8A5B-67920C386AD4}"
EndProject
Global
	GlobalSection(SolutionConfigurationPlatforms) = preSolution
		Debug|x64 = Debug|x64
		Debug|x86 = Debug|x86
		Release|x64 = Release|x64
		Release|x86 = Release|x86
	EndGlobalSection
	GlobalSection(ProjectConfigurationPlatforms) = postSolution
		{519260BE-7919-442D-8BCF-BB2DDCBD0F19}.Debug|x64.ActiveCfg = Debug|x64
		{519260BE-7919-442D-8BCF-BB2DDCBD0F19}.Debug|x64.Build.0 = Debug|x64
		{519260BE-7919-442D-8BCF-BB2DDCBD0F19}.Debug|x86.ActiveCfg = Debug|Win32
		{519260BE-7919-442D-8BCF-BB2DDCBD0F19}.Debug|x86.Build.0 = Debug|Win32
		{519260BE-7919-442D-8BCF-BB2DDCBD0F19}.Release|x64.ActiveCfg = Release|x64
		{519260BE-7919-442D-8BCF-BB2DDCBD0F19}.Release|x64.Build.0 = Release|x64
		{519260BE-7919-442D-8BCF-BB2DDCBD0F19}.Release|x86.ActiveCfg = Release|Win32
		{519260BE-7919-442D-8BCF-BB2DDCBD0F19}.Release|x86.Build.0 = Release|Win32
		{F41BE30D-0E7F-4198-8A5B-67920C386AD4}.Debug|x64.ActiveCfg = Debug|x64
		{F41BE30D-0E7F-4198-8A5B-67920C386AD4}.Debug|x64.Build.0 = Debug|x64
		{F41BE30D-0E7F-4198-8A5B-67920C386AD4}.Debug|x86.ActiveCfg = Debug|Win32
		{F41BE30D-0E7F-4198-8A5B-67920C386AD4}.Debug|x86.Build.0 = Debug|Win32
		{F41BE30D-0E7F-4198-8A5B-67920C386AD4}.Release|x64.ActiveCfg = Release|x64
		{F41BE30D-0E7F-4198-8A5B-67920C386AD4}.Release|x64.Build.0 = Release|x64
		{F41BE30D-0E7F-4198-8A5B-67920C386AD4}.Release|x86.ActiveCfg = Release|Win32
		{F41BE30D-0E7F-4198-8A5B-67920C386AD4}.Release|x86.Build.0 = Release|Win32
	EndGlobalSection
	GlobalSection(SolutionProperties) = preSolution
		HideSolutionNode = FALSE
	EndGlobalSection
	GlobalSection(ExtensibilityGlobals) = postSolution
		SolutionGuid = {EF84BE01-E39B-4FE9-AE17-59B0718A53CA}
	EndGlobalSection
EndGlobal
